
Microsoft Visual Studio Solution File, Format Version 12.00
# Visual Studio Version 17
VisualStudioVersion = 17.13.35825.156 d17.13
MinimumVisualStudioVersion = 10.0.40219.1
Project("{FAE04EC0-301F-11D3-BF4B-00C04F79EFBC}") = "zad1", "ConsoleApp1\zad1.csproj", "{CA4553BB-2DAE-48CA-A38C-3E684D5E83CA}"
EndProject
Project("{FAE04EC0-301F-11D3-BF4B-00C04F79EFBC}") = "zad2", "zad2\zad2.csproj", "{228468D8-FC60-44DD-810D-B48D6C999109}"
EndProject
Project("{FAE04EC0-301F-11D3-BF4B-00C04F79EFBC}") = "zad3", "zad3\zad3.csproj", "{4C038B93-885C-43BE-A632-78103D2AE6F6}"
EndProject
Project("{FAE04EC0-301F-11D3-BF4B-00C04F79EFBC}") = "zad4", "zad4\zad4.csproj", "{0364788E-3C39-4F2B-89FD-8693AE54C1BF}"
EndProject
Project("{FAE04EC0-301F-11D3-BF4B-00C04F79EFBC}") = "zad5", "zad5\zad5.csproj", "{EA5A30D7-00BA-40B9-854B-22A9969BD42A}"
EndProject
Project("{FAE04EC0-301F-11D3-BF4B-00C04F79EFBC}") = "zad6", "zad6\zad6.csproj", "{53B018E0-DE85-484E-8765-213FFD00E3DB}"
EndProject
Project("{FAE04EC0-301F-11D3-BF4B-00C04F79EFBC}") = "zad7", "zad7\zad7.csproj", "{46812F53-9C1D-403C-9111-2825A36284A0}"
EndProject
Project("{FAE04EC0-301F-11D3-BF4B-00C04F79EFBC}") = "zad8", "zad8\zad8.csproj", "{9686BFCD-806E-450E-B57F-F63C4FE3A455}"
EndProject
Project("{FAE04EC0-301F-11D3-BF4B-00C04F79EFBC}") = "zad9", "ConsoleApp2\zad9.csproj", "{AA60E135-F3E5-46FE-AF77-40D73FAB5562}"
EndProject
Global
	GlobalSection(SolutionConfigurationPlatforms) = preSolution
		Debug|Any CPU = Debug|Any CPU
		Release|Any CPU = Release|Any CPU
	EndGlobalSection
	GlobalSection(ProjectConfigurationPlatforms) = postSolution
		{CA4553BB-2DAE-48CA-A38C-3E684D5E83CA}.Debug|Any CPU.ActiveCfg = Debug|Any CPU
		{CA4553BB-2DAE-48CA-A38C-3E684D5E83CA}.Debug|Any CPU.Build.0 = Debug|Any CPU
		{CA4553BB-2DAE-48CA-A38C-3E684D5E83CA}.Release|Any CPU.ActiveCfg = Release|Any CPU
		{CA4553BB-2DAE-48CA-A38C-3E684D5E83CA}.Release|Any CPU.Build.0 = Release|Any CPU
		{228468D8-FC60-44DD-810D-B48D6C999109}.Debug|Any CPU.ActiveCfg = Debug|Any CPU
		{228468D8-FC60-44DD-810D-B48D6C999109}.Debug|Any CPU.Build.0 = Debug|Any CPU
		{228468D8-FC60-44DD-810D-B48D6C999109}.Release|Any CPU.ActiveCfg = Release|Any CPU
		{228468D8-FC60-44DD-810D-B48D6C999109}.Release|Any CPU.Build.0 = Release|Any CPU
		{4C038B93-885C-43BE-A632-78103D2AE6F6}.Debug|Any CPU.ActiveCfg = Debug|Any CPU
		{4C038B93-885C-43BE-A632-78103D2AE6F6}.Debug|Any CPU.Build.0 = Debug|Any CPU
		{4C038B93-885C-43BE-A632-78103D2AE6F6}.Release|Any CPU.ActiveCfg = Release|Any CPU
		{4C038B93-885C-43BE-A632-78103D2AE6F6}.Release|Any CPU.Build.0 = Release|Any CPU
		{0364788E-3C39-4F2B-89FD-8693AE54C1BF}.Debug|Any CPU.ActiveCfg = Debug|Any CPU
		{0364788E-3C39-4F2B-89FD-8693AE54C1BF}.Debug|Any CPU.Build.0 = Debug|Any CPU
		{0364788E-3C39-4F2B-89FD-8693AE54C1BF}.Release|Any CPU.ActiveCfg = Release|Any CPU
		{0364788E-3C39-4F2B-89FD-8693AE54C1BF}.Release|Any CPU.Build.0 = Release|Any CPU
		{EA5A30D7-00BA-40B9-854B-22A9969BD42A}.Debug|Any CPU.ActiveCfg = Debug|Any CPU
		{EA5A30D7-00BA-40B9-854B-22A9969BD42A}.Debug|Any CPU.Build.0 = Debug|Any CPU
		{EA5A30D7-00BA-40B9-854B-22A9969BD42A}.Release|Any CPU.ActiveCfg = Release|Any CPU
		{EA5A30D7-00BA-40B9-854B-22A9969BD42A}.Release|Any CPU.Build.0 = Release|Any CPU
		{53B018E0-DE85-484E-8765-213FFD00E3DB}.Debug|Any CPU.ActiveCfg = Debug|Any CPU
		{53B018E0-DE85-484E-8765-213FFD00E3DB}.Debug|Any CPU.Build.0 = Debug|Any CPU
		{53B018E0-DE85-484E-8765-213FFD00E3DB}.Release|Any CPU.ActiveCfg = Release|Any CPU
		{53B018E0-DE85-484E-8765-213FFD00E3DB}.Release|Any CPU.Build.0 = Release|Any CPU
		{46812F53-9C1D-403C-9111-2825A36284A0}.Debug|Any CPU.ActiveCfg = Debug|Any CPU
		{46812F53-9C1D-403C-9111-2825A36284A0}.Debug|Any CPU.Build.0 = Debug|Any CPU
		{46812F53-9C1D-403C-9111-2825A36284A0}.Release|Any CPU.ActiveCfg = Release|Any CPU
		{46812F53-9C1D-403C-9111-2825A36284A0}.Release|Any CPU.Build.0 = Release|Any CPU
		{9686BFCD-806E-450E-B57F-F63C4FE3A455}.Debug|Any CPU.ActiveCfg = Debug|Any CPU
		{9686BFCD-806E-450E-B57F-F63C4FE3A455}.Debug|Any CPU.Build.0 = Debug|Any CPU
		{9686BFCD-806E-450E-B57F-F63C4FE3A455}.Release|Any CPU.ActiveCfg = Release|Any CPU
		{9686BFCD-806E-450E-B57F-F63C4FE3A455}.Release|Any CPU.Build.0 = Release|Any CPU
		{AA60E135-F3E5-46FE-AF77-40D73FAB5562}.Debug|Any CPU.ActiveCfg = Debug|Any CPU
		{AA60E135-F3E5-46FE-AF77-40D73FAB5562}.Debug|Any CPU.Build.0 = Debug|Any CPU
		{AA60E135-F3E5-46FE-AF77-40D73FAB5562}.Release|Any CPU.ActiveCfg = Release|Any CPU
		{AA60E135-F3E5-46FE-AF77-40D73FAB5562}.Release|Any CPU.Build.0 = Release|Any CPU
	EndGlobalSection
	GlobalSection(SolutionProperties) = preSolution
		HideSolutionNode = FALSE
	EndGlobalSection
	GlobalSection(ExtensibilityGlobals) = postSolution
		SolutionGuid = {31A0CC3E-976A-41AD-B5A7-C41544DF7CEA}
	EndGlobalSection
EndGlobal
